
Microsoft Visual Studio Solution File, Format Version 12.00
# Visual Studio Version 17
VisualStudioVersion = 17.6.33815.320
MinimumVisualStudioVersion = 10.0.40219.1
Project("{FAE04EC0-301F-11D3-BF4B-00C04F79EFBC}") = "FirstProject", "FirstProject\FirstProject.csproj", "{315D67CB-DBF0-4915-8CDB-59A3499C4C18}"
EndProject
Project("{FAE04EC0-301F-11D3-BF4B-00C04F79EFBC}") = "SecondProject", "SecondProject\SecondProject.csproj", "{868D014D-E7D0-460F-B785-B861DCAB0437}"
EndProject
Project("{9A19103F-16F7-4668-BE54-9A1E7A4F7556}") = "ThirdProject", "ThirdProject\ThirdProject.csproj", "{7AF9EE52-88FD-411C-88F6-5CF0C40429A5}"
EndProject
Project("{FAE04EC0-301F-11D3-BF4B-00C04F79EFBC}") = "AccessModifiers_1", "AccessModifiers_1\AccessModifiers_1.csproj", "{A39B2CB7-AF27-4A00-B5A8-C3DEB9C579E9}"
EndProject
Project("{FAE04EC0-301F-11D3-BF4B-00C04F79EFBC}") = "AccessModifiers_2", "AccessModifiers_2\AccessModifiers_2.csproj", "{968E9CBF-ECEC-42BA-814B-D5052DC81D10}"
EndProject
Global
	GlobalSection(SolutionConfigurationPlatforms) = preSolution
		Debug|Any CPU = Debug|Any CPU
		Release|Any CPU = Release|Any CPU
	EndGlobalSection
	GlobalSection(ProjectConfigurationPlatforms) = postSolution
		{315D67CB-DBF0-4915-8CDB-59A3499C4C18}.Debug|Any CPU.ActiveCfg = Debug|Any CPU
		{315D67CB-DBF0-4915-8CDB-59A3499C4C18}.Debug|Any CPU.Build.0 = Debug|Any CPU
		{315D67CB-DBF0-4915-8CDB-59A3499C4C18}.Release|Any CPU.ActiveCfg = Release|Any CPU
		{315D67CB-DBF0-4915-8CDB-59A3499C4C18}.Release|Any CPU.Build.0 = Release|Any CPU
		{868D014D-E7D0-460F-B785-B861DCAB0437}.Debug|Any CPU.ActiveCfg = Debug|Any CPU
		{868D014D-E7D0-460F-B785-B861DCAB0437}.Debug|Any CPU.Build.0 = Debug|Any CPU
		{868D014D-E7D0-460F-B785-B861DCAB0437}.Release|Any CPU.ActiveCfg = Release|Any CPU
		{868D014D-E7D0-460F-B785-B861DCAB0437}.Release|Any CPU.Build.0 = Release|Any CPU
		{7AF9EE52-88FD-411C-88F6-5CF0C40429A5}.Debug|Any CPU.ActiveCfg = Debug|Any CPU
		{7AF9EE52-88FD-411C-88F6-5CF0C40429A5}.Debug|Any CPU.Build.0 = Debug|Any CPU
		{7AF9EE52-88FD-411C-88F6-5CF0C40429A5}.Release|Any CPU.ActiveCfg = Release|Any CPU
		{7AF9EE52-88FD-411C-88F6-5CF0C40429A5}.Release|Any CPU.Build.0 = Release|Any CPU
		{A39B2CB7-AF27-4A00-B5A8-C3DEB9C579E9}.Debug|Any CPU.ActiveCfg = Debug|Any CPU
		{A39B2CB7-AF27-4A00-B5A8-C3DEB9C579E9}.Debug|Any CPU.Build.0 = Debug|Any CPU
		{A39B2CB7-AF27-4A00-B5A8-C3DEB9C579E9}.Release|Any CPU.ActiveCfg = Release|Any CPU
		{A39B2CB7-AF27-4A00-B5A8-C3DEB9C579E9}.Release|Any CPU.Build.0 = Release|Any CPU
		{968E9CBF-ECEC-42BA-814B-D5052DC81D10}.Debug|Any CPU.ActiveCfg = Debug|Any CPU
		{968E9CBF-ECEC-42BA-814B-D5052DC81D10}.Debug|Any CPU.Build.0 = Debug|Any CPU
		{968E9CBF-ECEC-42BA-814B-D5052DC81D10}.Release|Any CPU.ActiveCfg = Release|Any CPU
		{968E9CBF-ECEC-42BA-814B-D5052DC81D10}.Release|Any CPU.Build.0 = Release|Any CPU
	EndGlobalSection
	GlobalSection(SolutionProperties) = preSolution
		HideSolutionNode = FALSE
	EndGlobalSection
	GlobalSection(ExtensibilityGlobals) = postSolution
		SolutionGuid = {E6C1739E-BBE5-447D-BAA0-5DE02F4B2E1E}
	EndGlobalSection
EndGlobal
