
Microsoft Visual Studio Solution File, Format Version 12.00
# Visual Studio Version 17
VisualStudioVersion = 17.6.33815.320
MinimumVisualStudioVersion = 10.0.40219.1
Project("{FAE04EC0-301F-11D3-BF4B-00C04F79EFBC}") = "Interface", "Interface\Interface.csproj", "{23C22A2C-7DB6-4EF7-BE1C-B86DB0A8A5BB}"
EndProject
Global
	GlobalSection(SolutionConfigurationPlatforms) = preSolution
		Debug|Any CPU = Debug|Any CPU
		Release|Any CPU = Release|Any CPU
	EndGlobalSection
	GlobalSection(ProjectConfigurationPlatforms) = postSolution
		{23C22A2C-7DB6-4EF7-BE1C-B86DB0A8A5BB}.Debug|Any CPU.ActiveCfg = Debug|Any CPU
		{23C22A2C-7DB6-4EF7-BE1C-B86DB0A8A5BB}.Debug|Any CPU.Build.0 = Debug|Any CPU
		{23C22A2C-7DB6-4EF7-BE1C-B86DB0A8A5BB}.Release|Any CPU.ActiveCfg = Release|Any CPU
		{23C22A2C-7DB6-4EF7-BE1C-B86DB0A8A5BB}.Release|Any CPU.Build.0 = Release|Any CPU
	EndGlobalSection
	GlobalSection(SolutionProperties) = preSolution
		HideSolutionNode = FALSE
	EndGlobalSection
	GlobalSection(ExtensibilityGlobals) = postSolution
		SolutionGuid = {97179F3E-88BC-4FC5-8B38-95111A0EB9D9}
	EndGlobalSection
EndGlobal
