
Microsoft Visual Studio Solution File, Format Version 12.00
# Visual Studio Version 17
VisualStudioVersion = 17.6.33815.320
MinimumVisualStudioVersion = 10.0.40219.1
Project("{9A19103F-16F7-4668-BE54-9A1E7A4F7556}") = "IntroductionDelegates", "Delegates\IntroductionDelegates.csproj", "{1DA87182-7038-4346-99F8-3F8B5A293B09}"
EndProject
Project("{FAE04EC0-301F-11D3-BF4B-00C04F79EFBC}") = "Multicast", "Multicast\Multicast.csproj", "{39E5B8FC-E268-45F2-AAD4-71ECA6F9A1D0}"
EndProject
Global
	GlobalSection(SolutionConfigurationPlatforms) = preSolution
		Debug|Any CPU = Debug|Any CPU
		Release|Any CPU = Release|Any CPU
	EndGlobalSection
	GlobalSection(ProjectConfigurationPlatforms) = postSolution
		{1DA87182-7038-4346-99F8-3F8B5A293B09}.Debug|Any CPU.ActiveCfg = Debug|Any CPU
		{1DA87182-7038-4346-99F8-3F8B5A293B09}.Debug|Any CPU.Build.0 = Debug|Any CPU
		{1DA87182-7038-4346-99F8-3F8B5A293B09}.Release|Any CPU.ActiveCfg = Release|Any CPU
		{1DA87182-7038-4346-99F8-3F8B5A293B09}.Release|Any CPU.Build.0 = Release|Any CPU
		{39E5B8FC-E268-45F2-AAD4-71ECA6F9A1D0}.Debug|Any CPU.ActiveCfg = Debug|Any CPU
		{39E5B8FC-E268-45F2-AAD4-71ECA6F9A1D0}.Debug|Any CPU.Build.0 = Debug|Any CPU
		{39E5B8FC-E268-45F2-AAD4-71ECA6F9A1D0}.Release|Any CPU.ActiveCfg = Release|Any CPU
		{39E5B8FC-E268-45F2-AAD4-71ECA6F9A1D0}.Release|Any CPU.Build.0 = Release|Any CPU
	EndGlobalSection
	GlobalSection(SolutionProperties) = preSolution
		HideSolutionNode = FALSE
	EndGlobalSection
	GlobalSection(ExtensibilityGlobals) = postSolution
		SolutionGuid = {F5AB6783-06F2-489A-8543-2D46E6C78A30}
	EndGlobalSection
EndGlobal
