
Microsoft Visual Studio Solution File, Format Version 12.00
# Visual Studio Version 17
VisualStudioVersion = 17.6.33815.320
MinimumVisualStudioVersion = 10.0.40219.1
Project("{FAE04EC0-301F-11D3-BF4B-00C04F79EFBC}") = "CompanySolution", "CompanySolution\CompanySolution.csproj", "{7FEF250E-255C-4349-8C22-9B5336292070}"
EndProject
Global
	GlobalSection(SolutionConfigurationPlatforms) = preSolution
		Debug|Any CPU = Debug|Any CPU
		Release|Any CPU = Release|Any CPU
	EndGlobalSection
	GlobalSection(ProjectConfigurationPlatforms) = postSolution
		{7FEF250E-255C-4349-8C22-9B5336292070}.Debug|Any CPU.ActiveCfg = Debug|Any CPU
		{7FEF250E-255C-4349-8C22-9B5336292070}.Debug|Any CPU.Build.0 = Debug|Any CPU
		{7FEF250E-255C-4349-8C22-9B5336292070}.Release|Any CPU.ActiveCfg = Release|Any CPU
		{7FEF250E-255C-4349-8C22-9B5336292070}.Release|Any CPU.Build.0 = Release|Any CPU
	EndGlobalSection
	GlobalSection(SolutionProperties) = preSolution
		HideSolutionNode = FALSE
	EndGlobalSection
	GlobalSection(ExtensibilityGlobals) = postSolution
		SolutionGuid = {0CE44F27-1FC3-480A-BB52-2C41F72F8825}
	EndGlobalSection
EndGlobal
