
Microsoft Visual Studio Solution File, Format Version 12.00
# Visual Studio Version 17
VisualStudioVersion = 17.6.33815.320
MinimumVisualStudioVersion = 10.0.40219.1
Project("{9A19103F-16F7-4668-BE54-9A1E7A4F7556}") = "Linq", "Linq\Linq.csproj", "{76802A66-3552-42D4-BE6F-CA7A65EAA19F}"
EndProject
Project("{FAE04EC0-301F-11D3-BF4B-00C04F79EFBC}") = "LinqTosqlProj", "LinqTosqlProj\LinqTosqlProj.csproj", "{03816E93-5976-4D66-8F2C-1995B6AC5555}"
EndProject
Global
	GlobalSection(SolutionConfigurationPlatforms) = preSolution
		Debug|Any CPU = Debug|Any CPU
		Release|Any CPU = Release|Any CPU
	EndGlobalSection
	GlobalSection(ProjectConfigurationPlatforms) = postSolution
		{76802A66-3552-42D4-BE6F-CA7A65EAA19F}.Debug|Any CPU.ActiveCfg = Debug|Any CPU
		{76802A66-3552-42D4-BE6F-CA7A65EAA19F}.Debug|Any CPU.Build.0 = Debug|Any CPU
		{76802A66-3552-42D4-BE6F-CA7A65EAA19F}.Release|Any CPU.ActiveCfg = Release|Any CPU
		{76802A66-3552-42D4-BE6F-CA7A65EAA19F}.Release|Any CPU.Build.0 = Release|Any CPU
		{03816E93-5976-4D66-8F2C-1995B6AC5555}.Debug|Any CPU.ActiveCfg = Debug|Any CPU
		{03816E93-5976-4D66-8F2C-1995B6AC5555}.Debug|Any CPU.Build.0 = Debug|Any CPU
		{03816E93-5976-4D66-8F2C-1995B6AC5555}.Release|Any CPU.ActiveCfg = Release|Any CPU
		{03816E93-5976-4D66-8F2C-1995B6AC5555}.Release|Any CPU.Build.0 = Release|Any CPU
	EndGlobalSection
	GlobalSection(SolutionProperties) = preSolution
		HideSolutionNode = FALSE
	EndGlobalSection
	GlobalSection(ExtensibilityGlobals) = postSolution
		SolutionGuid = {DD74F0C0-196A-46A6-B456-E1621EDE9BD3}
	EndGlobalSection
EndGlobal
